
Microsoft Visual Studio Solution File, Format Version 12.00
# Visual Studio Version 17
VisualStudioVersion = 17.11.35312.102
MinimumVisualStudioVersion = 10.0.40219.1
Project("{8BC9CEB8-8B4A-11D0-8D11-00A0C91BC942}") = "C01_salidaEstandar", "C01_salidaEstandar\C01_salidaEstandar.vcxproj", "{857FE33B-6CF6-4B42-A988-FF68857982F1}"
EndProject
Project("{8BC9CEB8-8B4A-11D0-8D11-00A0C91BC942}") = "C02_entradaEstandar", "C02_entradaEstandar\C02_entradaEstandar.vcxproj", "{FB781B32-DFF7-437D-A138-9C783338E2BD}"
EndProject
Project("{2150E333-8FDC-42A3-9474-1A3956D46DE8}") = "conceptos", "conceptos", "{9484D5FD-E444-4FB3-8A02-C86E5210CE0C}"
EndProject
Project("{2150E333-8FDC-42A3-9474-1A3956D46DE8}") = "ejercicios", "ejercicios", "{46572B3F-45C4-4802-B0D2-4EC755A0E93F}"
EndProject
Project("{2150E333-8FDC-42A3-9474-1A3956D46DE8}") = "proyecto", "proyecto", "{E6D34B8D-CB1C-41EE-B15C-D0C5BAC3CB99}"
EndProject
Project("{8BC9CEB8-8B4A-11D0-8D11-00A0C91BC942}") = "EJ01_entradaSalida", "EJ01_entradaSalida\EJ01_entradaSalida.vcxproj", "{6D78A34F-6586-4B5E-8770-0470CA7B0B8E}"
EndProject
Project("{8BC9CEB8-8B4A-11D0-8D11-00A0C91BC942}") = "EJ02_areaPerimetro", "EJ02_areaPerimetro\EJ02_areaPerimetro.vcxproj", "{062915C7-0F83-4AE7-83D2-00BA335DC33D}"
EndProject
Project("{8BC9CEB8-8B4A-11D0-8D11-00A0C91BC942}") = "EJ03_cuadrado", "EJ03_cuadrado\EJ03_cuadrado.vcxproj", "{8DD05B85-9B30-44E8-812C-B5E33AF320DE}"
EndProject
Project("{8BC9CEB8-8B4A-11D0-8D11-00A0C91BC942}") = "EJ04_perimetroTriangulo", "EJ04_perimetroTriangulo\EJ04_perimetroTriangulo.vcxproj", "{1F1DBD2D-84DB-4B09-B92B-1506161B49EE}"
EndProject
Project("{8BC9CEB8-8B4A-11D0-8D11-00A0C91BC942}") = "C03_floatDouble", "C03_floatDouble\C03_floatDouble.vcxproj", "{EBE673FA-9043-4E6B-B34B-332C58CA28CF}"
EndProject
Project("{8BC9CEB8-8B4A-11D0-8D11-00A0C91BC942}") = "C04_acumulacionConcatenacion", "C04_acumulacionConcatenacion\C04_acumulacionConcatenacion.vcxproj", "{5C3CF676-FECA-4B33-82FC-B46AEA5A7E5F}"
EndProject
Global
	GlobalSection(SolutionConfigurationPlatforms) = preSolution
		Debug|x64 = Debug|x64
		Debug|x86 = Debug|x86
		Release|x64 = Release|x64
		Release|x86 = Release|x86
	EndGlobalSection
	GlobalSection(ProjectConfigurationPlatforms) = postSolution
		{857FE33B-6CF6-4B42-A988-FF68857982F1}.Debug|x64.ActiveCfg = Debug|x64
		{857FE33B-6CF6-4B42-A988-FF68857982F1}.Debug|x64.Build.0 = Debug|x64
		{857FE33B-6CF6-4B42-A988-FF68857982F1}.Debug|x86.ActiveCfg = Debug|Win32
		{857FE33B-6CF6-4B42-A988-FF68857982F1}.Debug|x86.Build.0 = Debug|Win32
		{857FE33B-6CF6-4B42-A988-FF68857982F1}.Release|x64.ActiveCfg = Release|x64
		{857FE33B-6CF6-4B42-A988-FF68857982F1}.Release|x64.Build.0 = Release|x64
		{857FE33B-6CF6-4B42-A988-FF68857982F1}.Release|x86.ActiveCfg = Release|Win32
		{857FE33B-6CF6-4B42-A988-FF68857982F1}.Release|x86.Build.0 = Release|Win32
		{FB781B32-DFF7-437D-A138-9C783338E2BD}.Debug|x64.ActiveCfg = Debug|x64
		{FB781B32-DFF7-437D-A138-9C783338E2BD}.Debug|x64.Build.0 = Debug|x64
		{FB781B32-DFF7-437D-A138-9C783338E2BD}.Debug|x86.ActiveCfg = Debug|Win32
		{FB781B32-DFF7-437D-A138-9C783338E2BD}.Debug|x86.Build.0 = Debug|Win32
		{FB781B32-DFF7-437D-A138-9C783338E2BD}.Release|x64.ActiveCfg = Release|x64
		{FB781B32-DFF7-437D-A138-9C783338E2BD}.Release|x64.Build.0 = Release|x64
		{FB781B32-DFF7-437D-A138-9C783338E2BD}.Release|x86.ActiveCfg = Release|Win32
		{FB781B32-DFF7-437D-A138-9C783338E2BD}.Release|x86.Build.0 = Release|Win32
		{6D78A34F-6586-4B5E-8770-0470CA7B0B8E}.Debug|x64.ActiveCfg = Debug|x64
		{6D78A34F-6586-4B5E-8770-0470CA7B0B8E}.Debug|x64.Build.0 = Debug|x64
		{6D78A34F-6586-4B5E-8770-0470CA7B0B8E}.Debug|x86.ActiveCfg = Debug|Win32
		{6D78A34F-6586-4B5E-8770-0470CA7B0B8E}.Debug|x86.Build.0 = Debug|Win32
		{6D78A34F-6586-4B5E-8770-0470CA7B0B8E}.Release|x64.ActiveCfg = Release|x64
		{6D78A34F-6586-4B5E-8770-0470CA7B0B8E}.Release|x64.Build.0 = Release|x64
		{6D78A34F-6586-4B5E-8770-0470CA7B0B8E}.Release|x86.ActiveCfg = Release|Win32
		{6D78A34F-6586-4B5E-8770-0470CA7B0B8E}.Release|x86.Build.0 = Release|Win32
		{062915C7-0F83-4AE7-83D2-00BA335DC33D}.Debug|x64.ActiveCfg = Debug|x64
		{062915C7-0F83-4AE7-83D2-00BA335DC33D}.Debug|x64.Build.0 = Debug|x64
		{062915C7-0F83-4AE7-83D2-00BA335DC33D}.Debug|x86.ActiveCfg = Debug|Win32
		{062915C7-0F83-4AE7-83D2-00BA335DC33D}.Debug|x86.Build.0 = Debug|Win32
		{062915C7-0F83-4AE7-83D2-00BA335DC33D}.Release|x64.ActiveCfg = Release|x64
		{062915C7-0F83-4AE7-83D2-00BA335DC33D}.Release|x64.Build.0 = Release|x64
		{062915C7-0F83-4AE7-83D2-00BA335DC33D}.Release|x86.ActiveCfg = Release|Win32
		{062915C7-0F83-4AE7-83D2-00BA335DC33D}.Release|x86.Build.0 = Release|Win32
		{8DD05B85-9B30-44E8-812C-B5E33AF320DE}.Debug|x64.ActiveCfg = Debug|x64
		{8DD05B85-9B30-44E8-812C-B5E33AF320DE}.Debug|x64.Build.0 = Debug|x64
		{8DD05B85-9B30-44E8-812C-B5E33AF320DE}.Debug|x86.ActiveCfg = Debug|Win32
		{8DD05B85-9B30-44E8-812C-B5E33AF320DE}.Debug|x86.Build.0 = Debug|Win32
		{8DD05B85-9B30-44E8-812C-B5E33AF320DE}.Release|x64.ActiveCfg = Release|x64
		{8DD05B85-9B30-44E8-812C-B5E33AF320DE}.Release|x64.Build.0 = Release|x64
		{8DD05B85-9B30-44E8-812C-B5E33AF320DE}.Release|x86.ActiveCfg = Release|Win32
		{8DD05B85-9B30-44E8-812C-B5E33AF320DE}.Release|x86.Build.0 = Release|Win32
		{1F1DBD2D-84DB-4B09-B92B-1506161B49EE}.Debug|x64.ActiveCfg = Debug|x64
		{1F1DBD2D-84DB-4B09-B92B-1506161B49EE}.Debug|x64.Build.0 = Debug|x64
		{1F1DBD2D-84DB-4B09-B92B-1506161B49EE}.Debug|x86.ActiveCfg = Debug|Win32
		{1F1DBD2D-84DB-4B09-B92B-1506161B49EE}.Debug|x86.Build.0 = Debug|Win32
		{1F1DBD2D-84DB-4B09-B92B-1506161B49EE}.Release|x64.ActiveCfg = Release|x64
		{1F1DBD2D-84DB-4B09-B92B-1506161B49EE}.Release|x64.Build.0 = Release|x64
		{1F1DBD2D-84DB-4B09-B92B-1506161B49EE}.Release|x86.ActiveCfg = Release|Win32
		{1F1DBD2D-84DB-4B09-B92B-1506161B49EE}.Release|x86.Build.0 = Release|Win32
		{EBE673FA-9043-4E6B-B34B-332C58CA28CF}.Debug|x64.ActiveCfg = Debug|x64
		{EBE673FA-9043-4E6B-B34B-332C58CA28CF}.Debug|x64.Build.0 = Debug|x64
		{EBE673FA-9043-4E6B-B34B-332C58CA28CF}.Debug|x86.ActiveCfg = Debug|Win32
		{EBE673FA-9043-4E6B-B34B-332C58CA28CF}.Debug|x86.Build.0 = Debug|Win32
		{EBE673FA-9043-4E6B-B34B-332C58CA28CF}.Release|x64.ActiveCfg = Release|x64
		{EBE673FA-9043-4E6B-B34B-332C58CA28CF}.Release|x64.Build.0 = Release|x64
		{EBE673FA-9043-4E6B-B34B-332C58CA28CF}.Release|x86.ActiveCfg = Release|Win32
		{EBE673FA-9043-4E6B-B34B-332C58CA28CF}.Release|x86.Build.0 = Release|Win32
		{5C3CF676-FECA-4B33-82FC-B46AEA5A7E5F}.Debug|x64.ActiveCfg = Debug|x64
		{5C3CF676-FECA-4B33-82FC-B46AEA5A7E5F}.Debug|x64.Build.0 = Debug|x64
		{5C3CF676-FECA-4B33-82FC-B46AEA5A7E5F}.Debug|x86.ActiveCfg = Debug|Win32
		{5C3CF676-FECA-4B33-82FC-B46AEA5A7E5F}.Debug|x86.Build.0 = Debug|Win32
		{5C3CF676-FECA-4B33-82FC-B46AEA5A7E5F}.Release|x64.ActiveCfg = Release|x64
		{5C3CF676-FECA-4B33-82FC-B46AEA5A7E5F}.Release|x64.Build.0 = Release|x64
		{5C3CF676-FECA-4B33-82FC-B46AEA5A7E5F}.Release|x86.ActiveCfg = Release|Win32
		{5C3CF676-FECA-4B33-82FC-B46AEA5A7E5F}.Release|x86.Build.0 = Release|Win32
	EndGlobalSection
	GlobalSection(SolutionProperties) = preSolution
		HideSolutionNode = FALSE
	EndGlobalSection
	GlobalSection(NestedProjects) = preSolution
		{857FE33B-6CF6-4B42-A988-FF68857982F1} = {9484D5FD-E444-4FB3-8A02-C86E5210CE0C}
		{FB781B32-DFF7-437D-A138-9C783338E2BD} = {9484D5FD-E444-4FB3-8A02-C86E5210CE0C}
		{6D78A34F-6586-4B5E-8770-0470CA7B0B8E} = {46572B3F-45C4-4802-B0D2-4EC755A0E93F}
		{062915C7-0F83-4AE7-83D2-00BA335DC33D} = {46572B3F-45C4-4802-B0D2-4EC755A0E93F}
		{8DD05B85-9B30-44E8-812C-B5E33AF320DE} = {46572B3F-45C4-4802-B0D2-4EC755A0E93F}
		{1F1DBD2D-84DB-4B09-B92B-1506161B49EE} = {46572B3F-45C4-4802-B0D2-4EC755A0E93F}
		{EBE673FA-9043-4E6B-B34B-332C58CA28CF} = {9484D5FD-E444-4FB3-8A02-C86E5210CE0C}
		{5C3CF676-FECA-4B33-82FC-B46AEA5A7E5F} = {9484D5FD-E444-4FB3-8A02-C86E5210CE0C}
	EndGlobalSection
	GlobalSection(ExtensibilityGlobals) = postSolution
		SolutionGuid = {26162D15-0019-49B4-8A8E-423DD0D4A162}
	EndGlobalSection
EndGlobal
